
Microsoft Visual Studio Solution File, Format Version 12.00
# Visual Studio 14
VisualStudioVersion = 14.0.25123.0
MinimumVisualStudioVersion = 10.0.40219.1
Project("{2150E333-8FDC-42A3-9474-1A3956D46DE8}") = "Solution Items", "Solution Items", "{505B35B5-8FD6-498B-AC30-7FD7006EF562}"
	ProjectSection(SolutionItems) = preProject
		..\.gitignore = ..\.gitignore
		..\build.sh = ..\build.sh
		..\dosbuild.bat = ..\dosbuild.bat
		..\Makefile = ..\Makefile
		..\Makefile.template = ..\Makefile.template
		..\pearson.rb = ..\pearson.rb
		..\pettil.dbg = ..\pettil.dbg
		..\README = ..\README
		..\suchen.rb = ..\suchen.rb
		..\xap.rb = ..\xap.rb
	EndProjectSection
EndProject
Global
	GlobalSection(SolutionProperties) = preSolution
		HideSolutionNode = FALSE
	EndGlobalSection
EndGlobal
