
Microsoft Visual Studio Solution File, Format Version 12.00
# Visual Studio 14
VisualStudioVersion = 14.0.25123.0
MinimumVisualStudioVersion = 10.0.40219.1
Project("{E24C65DC-7377-472B-9ABA-BC803B73C61A}") = "pettil", ".", "{2340F48C-C9DB-4F9E-B15E-DCF41BC6D92F}"
	ProjectSection(WebsiteProperties) = preProject
		TargetFrameworkMoniker = ".NETFramework,Version%3Dv4.0"
		Debug.AspNetCompiler.Debug = "True"
		Release.AspNetCompiler.Debug = "False"
		VWDPort = "65107"
		SlnRelativePath = "..\pettil\"
	EndProjectSection
EndProject
Project("{E24C65DC-7377-472B-9ABA-BC803B73C61A}") = "mmm", "..\mmm\", "{2F40633B-EA68-4DAA-A931-964215064DAD}"
	ProjectSection(WebsiteProperties) = preProject
		TargetFrameworkMoniker = ".NETFramework,Version%3Dv4.0"
		Debug.AspNetCompiler.Debug = "True"
		Release.AspNetCompiler.Debug = "False"
		VWDPort = "65111"
		SlnRelativePath = "..\mmm\"
	EndProjectSection
EndProject
Global
	GlobalSection(SolutionConfigurationPlatforms) = preSolution
		Debug|Any CPU = Debug|Any CPU
	EndGlobalSection
	GlobalSection(ProjectConfigurationPlatforms) = postSolution
		{2340F48C-C9DB-4F9E-B15E-DCF41BC6D92F}.Debug|Any CPU.ActiveCfg = Debug|Any CPU
		{2340F48C-C9DB-4F9E-B15E-DCF41BC6D92F}.Debug|Any CPU.Build.0 = Debug|Any CPU
		{2F40633B-EA68-4DAA-A931-964215064DAD}.Debug|Any CPU.ActiveCfg = Debug|Any CPU
		{2F40633B-EA68-4DAA-A931-964215064DAD}.Debug|Any CPU.Build.0 = Debug|Any CPU
	EndGlobalSection
	GlobalSection(SolutionProperties) = preSolution
		HideSolutionNode = FALSE
	EndGlobalSection
EndGlobal
